// !$*UTF8*$!
{
	archiveVersion = 1;
	classes = {
	};
	objectVersion = 56;
	objects = {

/* Begin PBXBuildFile section */
		FFB42343D523165E8EDE6CE8 /* DubplateMacApp.swift in Sources */ = {isa = PBXBuildFile; fileRef = 2B0677EBDCF1E9325FC08974 /* DubplateMacApp.swift */; };
		CBF7097EEC57229541DC2D94 /* MacLibraryScreen.swift in Sources */ = {isa = PBXBuildFile; fileRef = 95839216FB04C494EF0FBABA /* MacLibraryScreen.swift */; };
		8F4D470593C10BBC2790A221 /* MacRootView.swift in Sources */ = {isa = PBXBuildFile; fileRef = E1AF3ABFA97B0BF98A2FD887 /* MacRootView.swift */; };
		39F12940BF019290D594E8B1 /* MacSidebar.swift in Sources */ = {isa = PBXBuildFile; fileRef = 43E1E73711C9C4AD46486E3A /* MacSidebar.swift */; };
		B1DA97354C0344205644031A /* MacSupport.swift in Sources */ = {isa = PBXBuildFile; fileRef = D178B95498E6D22C5D5E280B /* MacSupport.swift */; };
		FEE779357F6B438123D96EAE /* PhonePreviewWindow.swift in Sources */ = {isa = PBXBuildFile; fileRef = 2788E1471F6A36896B4E2CFF /* PhonePreviewWindow.swift */; };
		6B0F4B3720BE3DB637A428A2 /* ReleaseDetailScreen.swift in Sources */ = {isa = PBXBuildFile; fileRef = 11F7B28A5912F696B61D3F72 /* ReleaseDetailScreen.swift */; };
		0E69C8A8A0D9FC7E9F0FE964 /* DubplateCore in Frameworks */ = {isa = PBXBuildFile; productRef = 28430C9D35B7AB1858CC910C /* DubplateCore */; };
		727FD55C75861C9810C98BF1 /* DubplateAudio in Frameworks */ = {isa = PBXBuildFile; productRef = 86EEC006AF3E43C1D79E03B3 /* DubplateAudio */; };
		3CD387AD40AD1287C645206E /* DubplateSync in Frameworks */ = {isa = PBXBuildFile; productRef = 396E9CC568DB94526D0BCF0B /* DubplateSync */; };
		73B2DE7D79889EF920B668EE /* DubplateUI in Frameworks */ = {isa = PBXBuildFile; productRef = 9E730569F9AD5E8E2B823B65 /* DubplateUI */; };
		2E8B5F09DA286935E2333A1B /* DubplateiOSApp.swift in Sources */ = {isa = PBXBuildFile; fileRef = 38E6688A9C2BB283345B8862 /* DubplateiOSApp.swift */; };
		67C1F859DE366B5CAB06F681 /* PhoneHomeScreen.swift in Sources */ = {isa = PBXBuildFile; fileRef = 63D68D5CD50B7D9036A74FAF /* PhoneHomeScreen.swift */; };
		50BCFAC8D3976792C4BAA79F /* PhonePlayerScreen.swift in Sources */ = {isa = PBXBuildFile; fileRef = C17016B88C203849D12A4878 /* PhonePlayerScreen.swift */; };
		4717F651FBF198895BDF252E /* PhoneReleaseScreen.swift in Sources */ = {isa = PBXBuildFile; fileRef = A100116FE512587C5C03E744 /* PhoneReleaseScreen.swift */; };
		AAF9A82589807C8BD90AE4CB /* PhoneRootView.swift in Sources */ = {isa = PBXBuildFile; fileRef = 159AA291A8AF89C1F130232A /* PhoneRootView.swift */; };
		9CF2B982D9DF0141F790866E /* DubplateCore in Frameworks */ = {isa = PBXBuildFile; productRef = ABBF5CDDFD4A778D0A15ED92 /* DubplateCore */; };
		1A442721F00D57403CD6D411 /* DubplateAudio in Frameworks */ = {isa = PBXBuildFile; productRef = 6576297C8DE266C57E9A1165 /* DubplateAudio */; };
		FE301FC6569306505179B676 /* DubplateSync in Frameworks */ = {isa = PBXBuildFile; productRef = EE53C76758067043AA187697 /* DubplateSync */; };
		4694795C193C94C80600C49C /* DubplateUI in Frameworks */ = {isa = PBXBuildFile; productRef = 1A526812004690FD4F0ED117 /* DubplateUI */; };
		0C81F779B0C3FC4F516508D2 /* MacJourneyUITests.swift in Sources */ = {isa = PBXBuildFile; fileRef = 360D88F930EEE79EA1886626 /* MacJourneyUITests.swift */; };
		8ED7D69A11A96CDDCB1B9145 /* PhoneJourneyUITests.swift in Sources */ = {isa = PBXBuildFile; fileRef = A24CA167A79A682ACFCD8DA8 /* PhoneJourneyUITests.swift */; };
/* End PBXBuildFile section */

/* Begin PBXFileReference section */
		2B0677EBDCF1E9325FC08974 /* DubplateMacApp.swift */ = {isa = PBXFileReference; lastKnownFileType = sourcecode.swift; name = DubplateMacApp.swift; path = DubplateMac/Sources/DubplateMacApp.swift; sourceTree = "<group>"; };
		95839216FB04C494EF0FBABA /* MacLibraryScreen.swift */ = {isa = PBXFileReference; lastKnownFileType = sourcecode.swift; name = MacLibraryScreen.swift; path = DubplateMac/Sources/MacLibraryScreen.swift; sourceTree = "<group>"; };
		E1AF3ABFA97B0BF98A2FD887 /* MacRootView.swift */ = {isa = PBXFileReference; lastKnownFileType = sourcecode.swift; name = MacRootView.swift; path = DubplateMac/Sources/MacRootView.swift; sourceTree = "<group>"; };
		43E1E73711C9C4AD46486E3A /* MacSidebar.swift */ = {isa = PBXFileReference; lastKnownFileType = sourcecode.swift; name = MacSidebar.swift; path = DubplateMac/Sources/MacSidebar.swift; sourceTree = "<group>"; };
		D178B95498E6D22C5D5E280B /* MacSupport.swift */ = {isa = PBXFileReference; lastKnownFileType = sourcecode.swift; name = MacSupport.swift; path = DubplateMac/Sources/MacSupport.swift; sourceTree = "<group>"; };
		2788E1471F6A36896B4E2CFF /* PhonePreviewWindow.swift */ = {isa = PBXFileReference; lastKnownFileType = sourcecode.swift; name = PhonePreviewWindow.swift; path = DubplateMac/Sources/PhonePreviewWindow.swift; sourceTree = "<group>"; };
		11F7B28A5912F696B61D3F72 /* ReleaseDetailScreen.swift */ = {isa = PBXFileReference; lastKnownFileType = sourcecode.swift; name = ReleaseDetailScreen.swift; path = DubplateMac/Sources/ReleaseDetailScreen.swift; sourceTree = "<group>"; };
		38E6688A9C2BB283345B8862 /* DubplateiOSApp.swift */ = {isa = PBXFileReference; lastKnownFileType = sourcecode.swift; name = DubplateiOSApp.swift; path = DubplateiOS/Sources/DubplateiOSApp.swift; sourceTree = "<group>"; };
		63D68D5CD50B7D9036A74FAF /* PhoneHomeScreen.swift */ = {isa = PBXFileReference; lastKnownFileType = sourcecode.swift; name = PhoneHomeScreen.swift; path = DubplateiOS/Sources/PhoneHomeScreen.swift; sourceTree = "<group>"; };
		C17016B88C203849D12A4878 /* PhonePlayerScreen.swift */ = {isa = PBXFileReference; lastKnownFileType = sourcecode.swift; name = PhonePlayerScreen.swift; path = DubplateiOS/Sources/PhonePlayerScreen.swift; sourceTree = "<group>"; };
		A100116FE512587C5C03E744 /* PhoneReleaseScreen.swift */ = {isa = PBXFileReference; lastKnownFileType = sourcecode.swift; name = PhoneReleaseScreen.swift; path = DubplateiOS/Sources/PhoneReleaseScreen.swift; sourceTree = "<group>"; };
		159AA291A8AF89C1F130232A /* PhoneRootView.swift */ = {isa = PBXFileReference; lastKnownFileType = sourcecode.swift; name = PhoneRootView.swift; path = DubplateiOS/Sources/PhoneRootView.swift; sourceTree = "<group>"; };
		360D88F930EEE79EA1886626 /* MacJourneyUITests.swift */ = {isa = PBXFileReference; lastKnownFileType = sourcecode.swift; name = MacJourneyUITests.swift; path = ../Tests/UITests/Mac/MacJourneyUITests.swift; sourceTree = "<group>"; };
		A24CA167A79A682ACFCD8DA8 /* PhoneJourneyUITests.swift */ = {isa = PBXFileReference; lastKnownFileType = sourcecode.swift; name = PhoneJourneyUITests.swift; path = ../Tests/UITests/Phone/PhoneJourneyUITests.swift; sourceTree = "<group>"; };
		1B55EDB37CB345C68E14782A /* Dubplate.app */ = {isa = PBXFileReference; explicitFileType = wrapper.application; includeInIndex = 0; path = Dubplate.app; sourceTree = BUILT_PRODUCTS_DIR; };
		FC95CA1FE3C22F4D0C000C4C /* Dubplate.app */ = {isa = PBXFileReference; explicitFileType = wrapper.application; includeInIndex = 0; path = Dubplate.app; sourceTree = BUILT_PRODUCTS_DIR; };
		BE4C232D8C9D36A69A841276 /* DubplateMacUITests.xctest */ = {isa = PBXFileReference; explicitFileType = wrapper.cfbundle; includeInIndex = 0; path = DubplateMacUITests.xctest; sourceTree = BUILT_PRODUCTS_DIR; };
		D1F8968AADE4787460192D9B /* DubplateiOSUITests.xctest */ = {isa = PBXFileReference; explicitFileType = wrapper.cfbundle; includeInIndex = 0; path = DubplateiOSUITests.xctest; sourceTree = BUILT_PRODUCTS_DIR; };
		8691BE024B1B5119B83CCB26 /* Info.plist */ = {isa = PBXFileReference; lastKnownFileType = text.plist.xml; name = Info.plist; path = DubplateMac/Resources/Info.plist; sourceTree = "<group>"; };
		C8DC21BF39A434684E7F71AF /* Dubplate.entitlements */ = {isa = PBXFileReference; lastKnownFileType = text.plist.entitlements; name = Dubplate.entitlements; path = DubplateMac/Resources/Dubplate.entitlements; sourceTree = "<group>"; };
		2BAA7AE5DE825226081D5D3A /* Info.plist */ = {isa = PBXFileReference; lastKnownFileType = text.plist.xml; name = Info.plist; path = DubplateiOS/Resources/Info.plist; sourceTree = "<group>"; };
		A809D46B3862F93D34E399AD /* Dubplate.entitlements */ = {isa = PBXFileReference; lastKnownFileType = text.plist.entitlements; name = Dubplate.entitlements; path = DubplateiOS/Resources/Dubplate.entitlements; sourceTree = "<group>"; };
/* End PBXFileReference section */

/* Begin PBXFrameworksBuildPhase section */
		F29FD085F8EFC7957825D06C /* Frameworks */ = {
			isa = PBXFrameworksBuildPhase;
			buildActionMask = 2147483647;
			files = (
				0E69C8A8A0D9FC7E9F0FE964 /* DubplateCore in Frameworks */,
				727FD55C75861C9810C98BF1 /* DubplateAudio in Frameworks */,
				3CD387AD40AD1287C645206E /* DubplateSync in Frameworks */,
				73B2DE7D79889EF920B668EE /* DubplateUI in Frameworks */,
			);
			runOnlyForDeploymentPostprocessing = 0;
		};
		1544A749BB3AF1540FE1FD4E /* Frameworks */ = {
			isa = PBXFrameworksBuildPhase;
			buildActionMask = 2147483647;
			files = (
				9CF2B982D9DF0141F790866E /* DubplateCore in Frameworks */,
				1A442721F00D57403CD6D411 /* DubplateAudio in Frameworks */,
				FE301FC6569306505179B676 /* DubplateSync in Frameworks */,
				4694795C193C94C80600C49C /* DubplateUI in Frameworks */,
			);
			runOnlyForDeploymentPostprocessing = 0;
		};
		3C19024338955142152D99C4 /* Frameworks */ = {
			isa = PBXFrameworksBuildPhase;
			buildActionMask = 2147483647;
			files = (
			);
			runOnlyForDeploymentPostprocessing = 0;
		};
		7332249A79F68B0DDC629478 /* Frameworks */ = {
			isa = PBXFrameworksBuildPhase;
			buildActionMask = 2147483647;
			files = (
			);
			runOnlyForDeploymentPostprocessing = 0;
		};
/* End PBXFrameworksBuildPhase section */

/* Begin PBXGroup section */
		361FF3508AF23F4E0CB329EA = {
			isa = PBXGroup;
			children = (
				BF678483E8C7F77FEEED7225 /* Dubplate Mac */,
				6185DB6A79DC68DBC1C2E4FA /* Dubplate iOS */,
				21DEFC6961E55E6695332E5F /* DubplateMacUITests */,
				BF99BE6B6949AA692EB18313 /* DubplateiOSUITests */,
				31793280A19CDC7880B10A8E /* Products */,
			);
			sourceTree = "<group>";
		};
		31793280A19CDC7880B10A8E /* Products */ = {
			isa = PBXGroup;
			children = (
				1B55EDB37CB345C68E14782A /* Dubplate Mac */,
				FC95CA1FE3C22F4D0C000C4C /* Dubplate iOS */,
				BE4C232D8C9D36A69A841276 /* DubplateMacUITests */,
				D1F8968AADE4787460192D9B /* DubplateiOSUITests */,
			);
			name = Products;
			sourceTree = "<group>";
		};
		BF678483E8C7F77FEEED7225 /* Dubplate Mac */ = {
			isa = PBXGroup;
			children = (
				2B0677EBDCF1E9325FC08974 /* DubplateMacApp.swift */,
				95839216FB04C494EF0FBABA /* MacLibraryScreen.swift */,
				E1AF3ABFA97B0BF98A2FD887 /* MacRootView.swift */,
				43E1E73711C9C4AD46486E3A /* MacSidebar.swift */,
				D178B95498E6D22C5D5E280B /* MacSupport.swift */,
				2788E1471F6A36896B4E2CFF /* PhonePreviewWindow.swift */,
				11F7B28A5912F696B61D3F72 /* ReleaseDetailScreen.swift */,
				8691BE024B1B5119B83CCB26 /* Info.plist */,
				C8DC21BF39A434684E7F71AF /* Dubplate.entitlements */,
			);
			name = "Dubplate Mac";
			sourceTree = "<group>";
		};
		6185DB6A79DC68DBC1C2E4FA /* Dubplate iOS */ = {
			isa = PBXGroup;
			children = (
				38E6688A9C2BB283345B8862 /* DubplateiOSApp.swift */,
				63D68D5CD50B7D9036A74FAF /* PhoneHomeScreen.swift */,
				C17016B88C203849D12A4878 /* PhonePlayerScreen.swift */,
				A100116FE512587C5C03E744 /* PhoneReleaseScreen.swift */,
				159AA291A8AF89C1F130232A /* PhoneRootView.swift */,
				2BAA7AE5DE825226081D5D3A /* Info.plist */,
				A809D46B3862F93D34E399AD /* Dubplate.entitlements */,
			);
			name = "Dubplate iOS";
			sourceTree = "<group>";
		};
		21DEFC6961E55E6695332E5F /* DubplateMacUITests */ = {
			isa = PBXGroup;
			children = (
				360D88F930EEE79EA1886626 /* MacJourneyUITests.swift */,
			);
			name = DubplateMacUITests;
			sourceTree = "<group>";
		};
		BF99BE6B6949AA692EB18313 /* DubplateiOSUITests */ = {
			isa = PBXGroup;
			children = (
				A24CA167A79A682ACFCD8DA8 /* PhoneJourneyUITests.swift */,
			);
			name = DubplateiOSUITests;
			sourceTree = "<group>";
		};
/* End PBXGroup section */

/* Begin PBXNativeTarget section */
		201D0386C4B169C71123B49C /* Dubplate Mac */ = {
			isa = PBXNativeTarget;
			buildConfigurationList = 28FC20CE37141B3EA5E59638 /* Build configuration list */;
			buildPhases = (
				3D084C4B0B7D9E4F9CE30C50 /* Sources */,
				F29FD085F8EFC7957825D06C /* Frameworks */,
				F9DB59F60F44CBB811C91771 /* Resources */,
			);
			buildRules = (
			);
			dependencies = (
			);
			name = "Dubplate Mac";
			packageProductDependencies = (
				28430C9D35B7AB1858CC910C /* DubplateCore */,
				86EEC006AF3E43C1D79E03B3 /* DubplateAudio */,
				396E9CC568DB94526D0BCF0B /* DubplateSync */,
				9E730569F9AD5E8E2B823B65 /* DubplateUI */,
			);
			productName = Dubplate;
			productReference = 1B55EDB37CB345C68E14782A /* product */;
			productType = "com.apple.product-type.application";
		};
		8D12DBBC85AC805914E4CCB1 /* Dubplate iOS */ = {
			isa = PBXNativeTarget;
			buildConfigurationList = A7139A811DE03F9E8511EED7 /* Build configuration list */;
			buildPhases = (
				8CE4C35EB36D322EBAB7B264 /* Sources */,
				1544A749BB3AF1540FE1FD4E /* Frameworks */,
				EA04BB2720CBFAFAA1F38A78 /* Resources */,
			);
			buildRules = (
			);
			dependencies = (
			);
			name = "Dubplate iOS";
			packageProductDependencies = (
				ABBF5CDDFD4A778D0A15ED92 /* DubplateCore */,
				6576297C8DE266C57E9A1165 /* DubplateAudio */,
				EE53C76758067043AA187697 /* DubplateSync */,
				1A526812004690FD4F0ED117 /* DubplateUI */,
			);
			productName = Dubplate;
			productReference = FC95CA1FE3C22F4D0C000C4C /* product */;
			productType = "com.apple.product-type.application";
		};
		A74AE7D2272F3E1BDDDAD662 /* DubplateMacUITests */ = {
			isa = PBXNativeTarget;
			buildConfigurationList = 3B6B55A11D9DC16EDCA3A397 /* Build configuration list */;
			buildPhases = (
				734C1C66733638C6957DDE2D /* Sources */,
				3C19024338955142152D99C4 /* Frameworks */,
				95D21C113378E997A3A37899 /* Resources */,
			);
			buildRules = (
			);
			dependencies = (
				A3025639FBA2468128DD5159 /* PBXTargetDependency */,
			);
			name = DubplateMacUITests;
			productName = DubplateMacUITests;
			productReference = BE4C232D8C9D36A69A841276 /* product */;
			productType = "com.apple.product-type.bundle.ui-testing";
		};
		3A583A7BE78F1983D70AF37B /* DubplateiOSUITests */ = {
			isa = PBXNativeTarget;
			buildConfigurationList = 676D2E32EE66FD9F56A56E22 /* Build configuration list */;
			buildPhases = (
				1FE36EDF915CD98AD0D11034 /* Sources */,
				7332249A79F68B0DDC629478 /* Frameworks */,
				D94E00F4D381380689EB05EC /* Resources */,
			);
			buildRules = (
			);
			dependencies = (
				A013A86D94DBA32643F57735 /* PBXTargetDependency */,
			);
			name = DubplateiOSUITests;
			productName = DubplateiOSUITests;
			productReference = D1F8968AADE4787460192D9B /* product */;
			productType = "com.apple.product-type.bundle.ui-testing";
		};
/* End PBXNativeTarget section */

/* Begin PBXProject section */
		98F54143AB4E86B28C3AFEE0 /* Project object */ = {
			isa = PBXProject;
			attributes = {
				BuildIndependentTargetsInParallel = 1;
				LastSwiftUpdateCheck = 1600;
				LastUpgradeCheck = 1600;
				TargetAttributes = {
					201D0386C4B169C71123B49C = {
						CreatedOnToolsVersion = 16.0;
					};
					8D12DBBC85AC805914E4CCB1 = {
						CreatedOnToolsVersion = 16.0;
					};
					A74AE7D2272F3E1BDDDAD662 = {
						CreatedOnToolsVersion = 16.0;
						TestTargetID = 201D0386C4B169C71123B49C;
					};
					3A583A7BE78F1983D70AF37B = {
						CreatedOnToolsVersion = 16.0;
						TestTargetID = 8D12DBBC85AC805914E4CCB1;
					};
				};
			};
			buildConfigurationList = 26E84C2B3712F7DFAC8AD93F /* Build configuration list */;
			compatibilityVersion = "Xcode 14.0";
			developmentRegion = en;
			hasScannedForEncodings = 0;
			knownRegions = (
				en,
				Base,
			);
			mainGroup = 361FF3508AF23F4E0CB329EA;
			packageReferences = (
				AB23977A6A31D22DE8499CD6 /* XCLocalSwiftPackageReference ".." */,
			);
			productRefGroup = 31793280A19CDC7880B10A8E /* Products */;
			projectDirPath = "";
			projectRoot = "";
			targets = (
				201D0386C4B169C71123B49C /* Dubplate Mac */,
				8D12DBBC85AC805914E4CCB1 /* Dubplate iOS */,
				A74AE7D2272F3E1BDDDAD662 /* DubplateMacUITests */,
				3A583A7BE78F1983D70AF37B /* DubplateiOSUITests */,
			);
		};
/* End PBXProject section */

/* Begin PBXResourcesBuildPhase section */
		F9DB59F60F44CBB811C91771 /* Resources */ = {
			isa = PBXResourcesBuildPhase;
			buildActionMask = 2147483647;
			files = (
			);
			runOnlyForDeploymentPostprocessing = 0;
		};
		EA04BB2720CBFAFAA1F38A78 /* Resources */ = {
			isa = PBXResourcesBuildPhase;
			buildActionMask = 2147483647;
			files = (
			);
			runOnlyForDeploymentPostprocessing = 0;
		};
		95D21C113378E997A3A37899 /* Resources */ = {
			isa = PBXResourcesBuildPhase;
			buildActionMask = 2147483647;
			files = (
			);
			runOnlyForDeploymentPostprocessing = 0;
		};
		D94E00F4D381380689EB05EC /* Resources */ = {
			isa = PBXResourcesBuildPhase;
			buildActionMask = 2147483647;
			files = (
			);
			runOnlyForDeploymentPostprocessing = 0;
		};
/* End PBXResourcesBuildPhase section */

/* Begin PBXSourcesBuildPhase section */
		3D084C4B0B7D9E4F9CE30C50 /* Sources */ = {
			isa = PBXSourcesBuildPhase;
			buildActionMask = 2147483647;
			files = (
				FFB42343D523165E8EDE6CE8 /* DubplateMacApp.swift in Sources */,
				CBF7097EEC57229541DC2D94 /* MacLibraryScreen.swift in Sources */,
				8F4D470593C10BBC2790A221 /* MacRootView.swift in Sources */,
				39F12940BF019290D594E8B1 /* MacSidebar.swift in Sources */,
				B1DA97354C0344205644031A /* MacSupport.swift in Sources */,
				FEE779357F6B438123D96EAE /* PhonePreviewWindow.swift in Sources */,
				6B0F4B3720BE3DB637A428A2 /* ReleaseDetailScreen.swift in Sources */,
			);
			runOnlyForDeploymentPostprocessing = 0;
		};
		8CE4C35EB36D322EBAB7B264 /* Sources */ = {
			isa = PBXSourcesBuildPhase;
			buildActionMask = 2147483647;
			files = (
				2E8B5F09DA286935E2333A1B /* DubplateiOSApp.swift in Sources */,
				67C1F859DE366B5CAB06F681 /* PhoneHomeScreen.swift in Sources */,
				50BCFAC8D3976792C4BAA79F /* PhonePlayerScreen.swift in Sources */,
				4717F651FBF198895BDF252E /* PhoneReleaseScreen.swift in Sources */,
				AAF9A82589807C8BD90AE4CB /* PhoneRootView.swift in Sources */,
			);
			runOnlyForDeploymentPostprocessing = 0;
		};
		734C1C66733638C6957DDE2D /* Sources */ = {
			isa = PBXSourcesBuildPhase;
			buildActionMask = 2147483647;
			files = (
				0C81F779B0C3FC4F516508D2 /* MacJourneyUITests.swift in Sources */,
			);
			runOnlyForDeploymentPostprocessing = 0;
		};
		1FE36EDF915CD98AD0D11034 /* Sources */ = {
			isa = PBXSourcesBuildPhase;
			buildActionMask = 2147483647;
			files = (
				8ED7D69A11A96CDDCB1B9145 /* PhoneJourneyUITests.swift in Sources */,
			);
			runOnlyForDeploymentPostprocessing = 0;
		};
/* End PBXSourcesBuildPhase section */

/* Begin PBXTargetDependency section */
		A3025639FBA2468128DD5159 /* PBXTargetDependency */ = {
			isa = PBXTargetDependency;
			target = 201D0386C4B169C71123B49C /* Dubplate Mac */;
			targetProxy = 24E0ADD8019372BB2A314F89 /* PBXContainerItemProxy */;
		};
		A013A86D94DBA32643F57735 /* PBXTargetDependency */ = {
			isa = PBXTargetDependency;
			target = 8D12DBBC85AC805914E4CCB1 /* Dubplate iOS */;
			targetProxy = 126FDCA8A152301EB4769FAE /* PBXContainerItemProxy */;
		};
/* End PBXTargetDependency section */

/* Begin PBXContainerItemProxy section */
		24E0ADD8019372BB2A314F89 /* PBXContainerItemProxy */ = {
			isa = PBXContainerItemProxy;
			containerPortal = 98F54143AB4E86B28C3AFEE0 /* Project object */;
			proxyType = 1;
			remoteGlobalIDString = 201D0386C4B169C71123B49C;
			remoteInfo = "Dubplate Mac";
		};
		126FDCA8A152301EB4769FAE /* PBXContainerItemProxy */ = {
			isa = PBXContainerItemProxy;
			containerPortal = 98F54143AB4E86B28C3AFEE0 /* Project object */;
			proxyType = 1;
			remoteGlobalIDString = 8D12DBBC85AC805914E4CCB1;
			remoteInfo = "Dubplate iOS";
		};
/* End PBXContainerItemProxy section */

/* Begin XCBuildConfiguration section */
		70DCC1EB255A5F3C8D9ED349 /* Debug */ = {
			isa = XCBuildConfiguration;
			buildSettings = {
				ALWAYS_SEARCH_USER_PATHS = NO;
				CLANG_ENABLE_MODULES = YES;
				CLANG_ENABLE_OBJC_ARC = YES;
				CODE_SIGN_STYLE = Automatic;
				COPY_PHASE_STRIP = NO;
				CURRENT_PROJECT_VERSION = 1;
				DEAD_CODE_STRIPPING = YES;
				DEBUG_INFORMATION_FORMAT = dwarf;
				DEVELOPMENT_TEAM = "";
				ENABLE_PREVIEWS = YES;
				ENABLE_STRICT_OBJC_MSGSEND = YES;
				ENABLE_TESTABILITY = YES;
				ENABLE_USER_SCRIPT_SANDBOXING = YES;
				GCC_NO_COMMON_BLOCKS = YES;
				GCC_OPTIMIZATION_LEVEL = 0;
				GENERATE_INFOPLIST_FILE = NO;
				MARKETING_VERSION = 1.0;
				MTL_ENABLE_DEBUG_INFO = INCLUDE_SOURCE;
				ONLY_ACTIVE_ARCH = YES;
				SWIFT_ACTIVE_COMPILATION_CONDITIONS = DEBUG;
				SWIFT_EMIT_LOC_STRINGS = YES;
				SWIFT_OPTIMIZATION_LEVEL = "-Onone";
				SWIFT_VERSION = 5.0;
			};
			name = Debug;
		};
		C3DCEEC1E0EB17A5583B8E94 /* Release */ = {
			isa = XCBuildConfiguration;
			buildSettings = {
				ALWAYS_SEARCH_USER_PATHS = NO;
				CLANG_ENABLE_MODULES = YES;
				CLANG_ENABLE_OBJC_ARC = YES;
				CODE_SIGN_STYLE = Automatic;
				COPY_PHASE_STRIP = NO;
				CURRENT_PROJECT_VERSION = 1;
				DEAD_CODE_STRIPPING = YES;
				DEBUG_INFORMATION_FORMAT = "dwarf-with-dsym";
				DEVELOPMENT_TEAM = "";
				ENABLE_NS_ASSERTIONS = NO;
				ENABLE_PREVIEWS = YES;
				ENABLE_STRICT_OBJC_MSGSEND = YES;
				ENABLE_USER_SCRIPT_SANDBOXING = YES;
				GCC_NO_COMMON_BLOCKS = YES;
				GENERATE_INFOPLIST_FILE = NO;
				MARKETING_VERSION = 1.0;
				SWIFT_COMPILATION_MODE = wholemodule;
				SWIFT_EMIT_LOC_STRINGS = YES;
				SWIFT_OPTIMIZATION_LEVEL = "-O";
				SWIFT_VERSION = 5.0;
				VALIDATE_PRODUCT = YES;
			};
			name = Release;
		};
		E4C98BDFBF2A55425CC977A6 /* Debug */ = {
			isa = XCBuildConfiguration;
			buildSettings = {
				CODE_SIGN_ENTITLEMENTS = DubplateMac/Resources/Dubplate.entitlements;
				COMBINE_HIDPI_IMAGES = YES;
				ENABLE_HARDENED_RUNTIME = YES;
				INFOPLIST_FILE = DubplateMac/Resources/Info.plist;
				MACOSX_DEPLOYMENT_TARGET = 15.0;
				PRODUCT_BUNDLE_IDENTIFIER = com.dubplate.app;
				PRODUCT_NAME = Dubplate;
				SDKROOT = macosx;
				SUPPORTED_PLATFORMS = macosx;
			};
			name = Debug;
		};
		2C709F3C3CBCE5D7AD5B9A3C /* Release */ = {
			isa = XCBuildConfiguration;
			buildSettings = {
				CODE_SIGN_ENTITLEMENTS = DubplateMac/Resources/Dubplate.entitlements;
				COMBINE_HIDPI_IMAGES = YES;
				ENABLE_HARDENED_RUNTIME = YES;
				INFOPLIST_FILE = DubplateMac/Resources/Info.plist;
				MACOSX_DEPLOYMENT_TARGET = 15.0;
				PRODUCT_BUNDLE_IDENTIFIER = com.dubplate.app;
				PRODUCT_NAME = Dubplate;
				SDKROOT = macosx;
				SUPPORTED_PLATFORMS = macosx;
			};
			name = Release;
		};
		08C4E21144B0C71030F8C7C6 /* Debug */ = {
			isa = XCBuildConfiguration;
			buildSettings = {
				CODE_SIGN_ENTITLEMENTS = DubplateiOS/Resources/Dubplate.entitlements;
				INFOPLIST_FILE = DubplateiOS/Resources/Info.plist;
				IPHONEOS_DEPLOYMENT_TARGET = 18.0;
				PRODUCT_BUNDLE_IDENTIFIER = com.dubplate.app;
				PRODUCT_NAME = Dubplate;
				SDKROOT = iphoneos;
				SUPPORTED_PLATFORMS = "iphoneos iphonesimulator";
				SUPPORTS_MACCATALYST = NO;
				TARGETED_DEVICE_FAMILY = "1,2";
			};
			name = Debug;
		};
		E156C9A99A6051A82895A29E /* Release */ = {
			isa = XCBuildConfiguration;
			buildSettings = {
				CODE_SIGN_ENTITLEMENTS = DubplateiOS/Resources/Dubplate.entitlements;
				INFOPLIST_FILE = DubplateiOS/Resources/Info.plist;
				IPHONEOS_DEPLOYMENT_TARGET = 18.0;
				PRODUCT_BUNDLE_IDENTIFIER = com.dubplate.app;
				PRODUCT_NAME = Dubplate;
				SDKROOT = iphoneos;
				SUPPORTED_PLATFORMS = "iphoneos iphonesimulator";
				SUPPORTS_MACCATALYST = NO;
				TARGETED_DEVICE_FAMILY = "1,2";
			};
			name = Release;
		};
		F79FA2E6C5DCA14C3BB66FC4 /* Debug */ = {
			isa = XCBuildConfiguration;
			buildSettings = {
				GENERATE_INFOPLIST_FILE = YES;
				MACOSX_DEPLOYMENT_TARGET = 15.0;
				PRODUCT_BUNDLE_IDENTIFIER = com.dubplate.app.macuitests;
				PRODUCT_NAME = DubplateMacUITests;
				SDKROOT = macosx;
				SUPPORTED_PLATFORMS = macosx;
				TEST_TARGET_NAME = "Dubplate Mac";
			};
			name = Debug;
		};
		E791E10BCCA465A92F24554B /* Release */ = {
			isa = XCBuildConfiguration;
			buildSettings = {
				GENERATE_INFOPLIST_FILE = YES;
				MACOSX_DEPLOYMENT_TARGET = 15.0;
				PRODUCT_BUNDLE_IDENTIFIER = com.dubplate.app.macuitests;
				PRODUCT_NAME = DubplateMacUITests;
				SDKROOT = macosx;
				SUPPORTED_PLATFORMS = macosx;
				TEST_TARGET_NAME = "Dubplate Mac";
			};
			name = Release;
		};
		35A436A2725FF97E247E4EC6 /* Debug */ = {
			isa = XCBuildConfiguration;
			buildSettings = {
				GENERATE_INFOPLIST_FILE = YES;
				IPHONEOS_DEPLOYMENT_TARGET = 18.0;
				PRODUCT_BUNDLE_IDENTIFIER = com.dubplate.app.iosuitests;
				PRODUCT_NAME = DubplateiOSUITests;
				SDKROOT = iphoneos;
				SUPPORTED_PLATFORMS = "iphoneos iphonesimulator";
				TEST_TARGET_NAME = "Dubplate iOS";
			};
			name = Debug;
		};
		80A5B9C1384ED33F32AF104C /* Release */ = {
			isa = XCBuildConfiguration;
			buildSettings = {
				GENERATE_INFOPLIST_FILE = YES;
				IPHONEOS_DEPLOYMENT_TARGET = 18.0;
				PRODUCT_BUNDLE_IDENTIFIER = com.dubplate.app.iosuitests;
				PRODUCT_NAME = DubplateiOSUITests;
				SDKROOT = iphoneos;
				SUPPORTED_PLATFORMS = "iphoneos iphonesimulator";
				TEST_TARGET_NAME = "Dubplate iOS";
			};
			name = Release;
		};
/* End XCBuildConfiguration section */

/* Begin XCConfigurationList section */
		26E84C2B3712F7DFAC8AD93F /* Build configuration list for project */ = {
			isa = XCConfigurationList;
			buildConfigurations = (
				70DCC1EB255A5F3C8D9ED349 /* Debug */,
				C3DCEEC1E0EB17A5583B8E94 /* Release */,
			);
			defaultConfigurationIsVisible = 0;
			defaultConfigurationName = Release;
		};
		28FC20CE37141B3EA5E59638 /* Build configuration list for Dubplate Mac */ = {
			isa = XCConfigurationList;
			buildConfigurations = (
				E4C98BDFBF2A55425CC977A6 /* Debug */,
				2C709F3C3CBCE5D7AD5B9A3C /* Release */,
			);
			defaultConfigurationIsVisible = 0;
			defaultConfigurationName = Release;
		};
		A7139A811DE03F9E8511EED7 /* Build configuration list for Dubplate iOS */ = {
			isa = XCConfigurationList;
			buildConfigurations = (
				08C4E21144B0C71030F8C7C6 /* Debug */,
				E156C9A99A6051A82895A29E /* Release */,
			);
			defaultConfigurationIsVisible = 0;
			defaultConfigurationName = Release;
		};
		3B6B55A11D9DC16EDCA3A397 /* Build configuration list for DubplateMacUITests */ = {
			isa = XCConfigurationList;
			buildConfigurations = (
				F79FA2E6C5DCA14C3BB66FC4 /* Debug */,
				E791E10BCCA465A92F24554B /* Release */,
			);
			defaultConfigurationIsVisible = 0;
			defaultConfigurationName = Release;
		};
		676D2E32EE66FD9F56A56E22 /* Build configuration list for DubplateiOSUITests */ = {
			isa = XCConfigurationList;
			buildConfigurations = (
				35A436A2725FF97E247E4EC6 /* Debug */,
				80A5B9C1384ED33F32AF104C /* Release */,
			);
			defaultConfigurationIsVisible = 0;
			defaultConfigurationName = Release;
		};
/* End XCConfigurationList section */

/* Begin XCLocalSwiftPackageReference section */
		AB23977A6A31D22DE8499CD6 /* XCLocalSwiftPackageReference ".." */ = {
			isa = XCLocalSwiftPackageReference;
			relativePath = ..;
		};
/* End XCLocalSwiftPackageReference section */

/* Begin XCSwiftPackageProductDependency section */
		28430C9D35B7AB1858CC910C /* DubplateCore */ = {
			isa = XCSwiftPackageProductDependency;
			productName = DubplateCore;
		};
		86EEC006AF3E43C1D79E03B3 /* DubplateAudio */ = {
			isa = XCSwiftPackageProductDependency;
			productName = DubplateAudio;
		};
		396E9CC568DB94526D0BCF0B /* DubplateSync */ = {
			isa = XCSwiftPackageProductDependency;
			productName = DubplateSync;
		};
		9E730569F9AD5E8E2B823B65 /* DubplateUI */ = {
			isa = XCSwiftPackageProductDependency;
			productName = DubplateUI;
		};
		ABBF5CDDFD4A778D0A15ED92 /* DubplateCore */ = {
			isa = XCSwiftPackageProductDependency;
			productName = DubplateCore;
		};
		6576297C8DE266C57E9A1165 /* DubplateAudio */ = {
			isa = XCSwiftPackageProductDependency;
			productName = DubplateAudio;
		};
		EE53C76758067043AA187697 /* DubplateSync */ = {
			isa = XCSwiftPackageProductDependency;
			productName = DubplateSync;
		};
		1A526812004690FD4F0ED117 /* DubplateUI */ = {
			isa = XCSwiftPackageProductDependency;
			productName = DubplateUI;
		};
/* End XCSwiftPackageProductDependency section */
	};
	rootObject = 98F54143AB4E86B28C3AFEE0 /* Project object */;
}
